{
  "name": "pac",
  "lockfileVersion": 3,
  "requires": true,
  "packages": {
    "": {
      "devDependencies": {
        "@accesslint/playwright": "^0.8.0"
      }
    },
    "node_modules/@accesslint/core": {
      "version": "0.16.0",
      "resolved": "https://registry.npmjs.org/@accesslint/core/-/core-0.16.0.tgz",
      "integrity": "sha512-XKAqK2D+PNulnU66mHTFlp0MmCKNF+u1Ly1VLCrwFJnhz/OcvnifgNoJaUQIgMfO6tSTVNNS09xhxUXMku0pEQ==",
      "dev": true,
      "license": "MIT"
    },
    "node_modules/@accesslint/playwright": {
      "version": "0.8.0",
      "resolved": "https://registry.npmjs.org/@accesslint/playwright/-/playwright-0.8.0.tgz",
      "integrity": "sha512-4k3VZFdm2tL6PDZWXfa6omCNVDhwaFkng8vs4VoUBKP9i6Q2W+CxIzMWgrc/WdkQy2XZwDxEZu1AoQBddpg3iQ==",
      "dev": true,
      "license": "MIT",
      "dependencies": {
        "@accesslint/core": "0.16.0"
      },
      "peerDependencies": {
        "@playwright/test": ">=1.40.0"
      },
      "peerDependenciesMeta": {
        "@playwright/test": {
          "optional": true
        }
      }
    }
  }
}
